
Microsoft Visual Studio Solution File, Format Version 12.00
# Visual Studio 15
VisualStudioVersion = 15.0.28306.52
MinimumVisualStudioVersion = 10.0.40219.1
Project("{FAE04EC0-301F-11D3-BF4B-00C04F79EFBC}") = "GigHub", "GigHub\GigHub.csproj", "{F771AA71-8083-4829-87EF-EDE9B284F662}"
EndProject
Global
	GlobalSection(SolutionConfigurationPlatforms) = preSolution
		Debug|Any CPU = Debug|Any CPU
		Release|Any CPU = Release|Any CPU
	EndGlobalSection
	GlobalSection(ProjectConfigurationPlatforms) = postSolution
		{F771AA71-8083-4829-87EF-EDE9B284F662}.Debug|Any CPU.ActiveCfg = Debug|Any CPU
		{F771AA71-8083-4829-87EF-EDE9B284F662}.Debug|Any CPU.Build.0 = Debug|Any CPU
		{F771AA71-8083-4829-87EF-EDE9B284F662}.Release|Any CPU.ActiveCfg = Release|Any CPU
		{F771AA71-8083-4829-87EF-EDE9B284F662}.Release|Any CPU.Build.0 = Release|Any CPU
	EndGlobalSection
	GlobalSection(SolutionProperties) = preSolution
		HideSolutionNode = FALSE
	EndGlobalSection
	GlobalSection(ExtensibilityGlobals) = postSolution
		SolutionGuid = {E5AF0F81-B952-4162-A145-0C69DDA0FE97}
	EndGlobalSection
	GlobalSection(TeamFoundationVersionControl) = preSolution
		SccNumberOfProjects = 2
		SccEnterpriseProvider = {4CA58AB2-18FA-4F8D-95D4-32DDF27D184C}
		SccTeamFoundationServer = https://dev.azure.com/dev-ay
		SccLocalPath0 = .
		SccProjectUniqueName1 = GigHub\\GigHub.csproj
		SccProjectName1 = GigHub
		SccLocalPath1 = GigHub
	EndGlobalSection
EndGlobal
