
Microsoft Visual Studio Solution File, Format Version 12.00
# Visual Studio 15
VisualStudioVersion = 15.0.28010.2036
MinimumVisualStudioVersion = 10.0.40219.1
Project("{FAE04EC0-301F-11D3-BF4B-00C04F79EFBC}") = "ScheduleIt2", "ScheduleIt2\ScheduleIt2.csproj", "{B865D9D3-9A78-4375-A29B-3844C621621F}"
EndProject
Global
	GlobalSection(SolutionConfigurationPlatforms) = preSolution
		Debug|Any CPU = Debug|Any CPU
		Release|Any CPU = Release|Any CPU
	EndGlobalSection
	GlobalSection(ProjectConfigurationPlatforms) = postSolution
		{B865D9D3-9A78-4375-A29B-3844C621621F}.Debug|Any CPU.ActiveCfg = Debug|Any CPU
		{B865D9D3-9A78-4375-A29B-3844C621621F}.Debug|Any CPU.Build.0 = Debug|Any CPU
		{B865D9D3-9A78-4375-A29B-3844C621621F}.Release|Any CPU.ActiveCfg = Release|Any CPU
		{B865D9D3-9A78-4375-A29B-3844C621621F}.Release|Any CPU.Build.0 = Release|Any CPU
	EndGlobalSection
	GlobalSection(SolutionProperties) = preSolution
		HideSolutionNode = FALSE
	EndGlobalSection
	GlobalSection(ExtensibilityGlobals) = postSolution
		SolutionGuid = {8B9F9ED4-FD8B-40B6-A604-6D6231E60549}
	EndGlobalSection
	GlobalSection(TeamFoundationVersionControl) = preSolution
		SccNumberOfProjects = 2
		SccEnterpriseProvider = {4CA58AB2-18FA-4F8D-95D4-32DDF27D184C}
		SccTeamFoundationServer = https://prosperitprojects.visualstudio.com/
		SccLocalPath0 = .
		SccProjectUniqueName1 = ScheduleIt2\\ScheduleIt2.csproj
		SccProjectName1 = ScheduleIt2
		SccLocalPath1 = ScheduleIt2
	EndGlobalSection
EndGlobal
